
Microsoft Visual Studio Solution File, Format Version 12.00
# Visual Studio Version 17
VisualStudioVersion = 17.10.35013.160
MinimumVisualStudioVersion = 10.0.40219.1
Project("{2150E333-8FDC-42A3-9474-1A3956D46DE8}") = "Src", "Src", "{D269ABD1-81BE-4005-8FA0-3D2BC3DAF67F}"
EndProject
Project("{2150E333-8FDC-42A3-9474-1A3956D46DE8}") = "BuildingBlocks", "BuildingBlocks", "{C8442933-C5DB-43E5-9E81-7BDD4DA858E7}"
EndProject
Project("{2150E333-8FDC-42A3-9474-1A3956D46DE8}") = "Services", "Services", "{533613FB-8C85-45F1-8CB4-A81D40152DB4}"
EndProject
Project("{2150E333-8FDC-42A3-9474-1A3956D46DE8}") = "Shared", "Shared", "{3B0829AB-1101-4E0E-BBD9-D9F573EF9C85}"
EndProject
Project("{9A19103F-16F7-4668-BE54-9A1E7A4F7556}") = "DesafioDvD.Core", "Src\BuildingBlocks\DesafioDvD.Core\DesafioDvD.Core.csproj", "{8D73A9EE-21BB-48A8-9A86-F68A85D79EA7}"
EndProject
Project("{2150E333-8FDC-42A3-9474-1A3956D46DE8}") = "Consumer", "Consumer", "{8BF264B0-FE9F-48C1-97F3-8F5810D504E3}"
EndProject
Project("{2150E333-8FDC-42A3-9474-1A3956D46DE8}") = "Publisher", "Publisher", "{2386285F-4744-4176-82BD-11E49C8F74D7}"
EndProject
Project("{9A19103F-16F7-4668-BE54-9A1E7A4F7556}") = "DesafioDvD.Consumer", "Src\Services\Consumer\DesafioDvD.Consumer\DesafioDvD.Consumer.csproj", "{B04BEF90-D5BD-4944-9C70-F8D6B94E733E}"
EndProject
Project("{2150E333-8FDC-42A3-9474-1A3956D46DE8}") = "Domain", "Domain", "{91457274-D840-48CB-A2B8-B8771D15F9F8}"
EndProject
Project("{2150E333-8FDC-42A3-9474-1A3956D46DE8}") = "Application", "Application", "{BD299A14-DF51-42E7-8E6D-9E52345C0096}"
EndProject
Project("{2150E333-8FDC-42A3-9474-1A3956D46DE8}") = "Infrastructure", "Infrastructure", "{F213A62F-4593-4214-80E9-D088174F43A3}"
EndProject
Project("{2150E333-8FDC-42A3-9474-1A3956D46DE8}") = "Presentation", "Presentation", "{E65109A9-B5E9-4342-B044-21CD47627DB4}"
EndProject
Project("{2150E333-8FDC-42A3-9474-1A3956D46DE8}") = "Queries", "Queries", "{44ED67A7-C7AC-477D-9BA0-AA1477938E5B}"
EndProject
Project("{2150E333-8FDC-42A3-9474-1A3956D46DE8}") = "Domain", "Domain", "{5FD2C496-20CE-4D20-BB65-204F05937F32}"
EndProject
Project("{2150E333-8FDC-42A3-9474-1A3956D46DE8}") = "Application", "Application", "{99169AF4-AFD4-465B-A574-02C2F6F55F0C}"
EndProject
Project("{2150E333-8FDC-42A3-9474-1A3956D46DE8}") = "Infrastructure", "Infrastructure", "{1D303083-30DC-419C-A370-EEEC22A0E724}"
EndProject
Project("{9A19103F-16F7-4668-BE54-9A1E7A4F7556}") = "DesafioDvD.Domain", "Src\Services\Publisher\Domain\DesafioDvD.Domain\DesafioDvD.Domain.csproj", "{2DDC7A46-1910-4616-B9C8-F7C0FF275288}"
EndProject
Project("{9A19103F-16F7-4668-BE54-9A1E7A4F7556}") = "DesafioDvD.Application", "Src\Services\Publisher\Application\DesafioDvD.Application\DesafioDvD.Application.csproj", "{43582D47-95D9-4A0F-A741-7E6548756E93}"
EndProject
Project("{9A19103F-16F7-4668-BE54-9A1E7A4F7556}") = "DesafioDvD.Infrastructure", "Src\Services\Publisher\Infrastructure\DesafioDvD.Infrastructure\DesafioDvD.Infrastructure.csproj", "{BC3F9329-DD59-4EF8-B310-B079FCB8C735}"
EndProject
Project("{9A19103F-16F7-4668-BE54-9A1E7A4F7556}") = "DesafioDvD.WebApi", "Src\Services\Publisher\Presentation\DesafioDvD.WebApi\DesafioDvD.WebApi.csproj", "{13077ED2-A3FF-4B96-972E-670E11B413BC}"
EndProject
Project("{9A19103F-16F7-4668-BE54-9A1E7A4F7556}") = "DesafioDvD.Query.Application", "Src\Shared\Queries\Application\DesafioDvD.Query.Application\DesafioDvD.Query.Application.csproj", "{D26A771B-283B-497E-94AB-3D409E1A61FE}"
EndProject
Project("{9A19103F-16F7-4668-BE54-9A1E7A4F7556}") = "DesafioDvD.Query.Domain", "Src\Shared\Queries\Domain\DesafioDvD.Query.Domain\DesafioDvD.Query.Domain.csproj", "{F10F4AB1-B111-4848-AC95-736F6C72DFD8}"
EndProject
Project("{9A19103F-16F7-4668-BE54-9A1E7A4F7556}") = "DesafioDvD.Query.Infrastructure", "Src\Shared\Queries\Infrastructure\DesafioDvD.Query.Infrastructure\DesafioDvD.Query.Infrastructure.csproj", "{2FE69FBA-0ECC-469F-BBD7-3B19F414C48B}"
EndProject
Global
	GlobalSection(SolutionConfigurationPlatforms) = preSolution
		Debug|Any CPU = Debug|Any CPU
		Release|Any CPU = Release|Any CPU
	EndGlobalSection
	GlobalSection(ProjectConfigurationPlatforms) = postSolution
		{8D73A9EE-21BB-48A8-9A86-F68A85D79EA7}.Debug|Any CPU.ActiveCfg = Debug|Any CPU
		{8D73A9EE-21BB-48A8-9A86-F68A85D79EA7}.Debug|Any CPU.Build.0 = Debug|Any CPU
		{8D73A9EE-21BB-48A8-9A86-F68A85D79EA7}.Release|Any CPU.ActiveCfg = Release|Any CPU
		{8D73A9EE-21BB-48A8-9A86-F68A85D79EA7}.Release|Any CPU.Build.0 = Release|Any CPU
		{B04BEF90-D5BD-4944-9C70-F8D6B94E733E}.Debug|Any CPU.ActiveCfg = Debug|Any CPU
		{B04BEF90-D5BD-4944-9C70-F8D6B94E733E}.Debug|Any CPU.Build.0 = Debug|Any CPU
		{B04BEF90-D5BD-4944-9C70-F8D6B94E733E}.Release|Any CPU.ActiveCfg = Release|Any CPU
		{B04BEF90-D5BD-4944-9C70-F8D6B94E733E}.Release|Any CPU.Build.0 = Release|Any CPU
		{2DDC7A46-1910-4616-B9C8-F7C0FF275288}.Debug|Any CPU.ActiveCfg = Debug|Any CPU
		{2DDC7A46-1910-4616-B9C8-F7C0FF275288}.Debug|Any CPU.Build.0 = Debug|Any CPU
		{2DDC7A46-1910-4616-B9C8-F7C0FF275288}.Release|Any CPU.ActiveCfg = Release|Any CPU
		{2DDC7A46-1910-4616-B9C8-F7C0FF275288}.Release|Any CPU.Build.0 = Release|Any CPU
		{43582D47-95D9-4A0F-A741-7E6548756E93}.Debug|Any CPU.ActiveCfg = Debug|Any CPU
		{43582D47-95D9-4A0F-A741-7E6548756E93}.Debug|Any CPU.Build.0 = Debug|Any CPU
		{43582D47-95D9-4A0F-A741-7E6548756E93}.Release|Any CPU.ActiveCfg = Release|Any CPU
		{43582D47-95D9-4A0F-A741-7E6548756E93}.Release|Any CPU.Build.0 = Release|Any CPU
		{BC3F9329-DD59-4EF8-B310-B079FCB8C735}.Debug|Any CPU.ActiveCfg = Debug|Any CPU
		{BC3F9329-DD59-4EF8-B310-B079FCB8C735}.Debug|Any CPU.Build.0 = Debug|Any CPU
		{BC3F9329-DD59-4EF8-B310-B079FCB8C735}.Release|Any CPU.ActiveCfg = Release|Any CPU
		{BC3F9329-DD59-4EF8-B310-B079FCB8C735}.Release|Any CPU.Build.0 = Release|Any CPU
		{13077ED2-A3FF-4B96-972E-670E11B413BC}.Debug|Any CPU.ActiveCfg = Debug|Any CPU
		{13077ED2-A3FF-4B96-972E-670E11B413BC}.Debug|Any CPU.Build.0 = Debug|Any CPU
		{13077ED2-A3FF-4B96-972E-670E11B413BC}.Release|Any CPU.ActiveCfg = Release|Any CPU
		{13077ED2-A3FF-4B96-972E-670E11B413BC}.Release|Any CPU.Build.0 = Release|Any CPU
		{D26A771B-283B-497E-94AB-3D409E1A61FE}.Debug|Any CPU.ActiveCfg = Debug|Any CPU
		{D26A771B-283B-497E-94AB-3D409E1A61FE}.Debug|Any CPU.Build.0 = Debug|Any CPU
		{D26A771B-283B-497E-94AB-3D409E1A61FE}.Release|Any CPU.ActiveCfg = Release|Any CPU
		{D26A771B-283B-497E-94AB-3D409E1A61FE}.Release|Any CPU.Build.0 = Release|Any CPU
		{F10F4AB1-B111-4848-AC95-736F6C72DFD8}.Debug|Any CPU.ActiveCfg = Debug|Any CPU
		{F10F4AB1-B111-4848-AC95-736F6C72DFD8}.Debug|Any CPU.Build.0 = Debug|Any CPU
		{F10F4AB1-B111-4848-AC95-736F6C72DFD8}.Release|Any CPU.ActiveCfg = Release|Any CPU
		{F10F4AB1-B111-4848-AC95-736F6C72DFD8}.Release|Any CPU.Build.0 = Release|Any CPU
		{2FE69FBA-0ECC-469F-BBD7-3B19F414C48B}.Debug|Any CPU.ActiveCfg = Debug|Any CPU
		{2FE69FBA-0ECC-469F-BBD7-3B19F414C48B}.Debug|Any CPU.Build.0 = Debug|Any CPU
		{2FE69FBA-0ECC-469F-BBD7-3B19F414C48B}.Release|Any CPU.ActiveCfg = Release|Any CPU
		{2FE69FBA-0ECC-469F-BBD7-3B19F414C48B}.Release|Any CPU.Build.0 = Release|Any CPU
	EndGlobalSection
	GlobalSection(SolutionProperties) = preSolution
		HideSolutionNode = FALSE
	EndGlobalSection
	GlobalSection(NestedProjects) = preSolution
		{C8442933-C5DB-43E5-9E81-7BDD4DA858E7} = {D269ABD1-81BE-4005-8FA0-3D2BC3DAF67F}
		{533613FB-8C85-45F1-8CB4-A81D40152DB4} = {D269ABD1-81BE-4005-8FA0-3D2BC3DAF67F}
		{3B0829AB-1101-4E0E-BBD9-D9F573EF9C85} = {D269ABD1-81BE-4005-8FA0-3D2BC3DAF67F}
		{8D73A9EE-21BB-48A8-9A86-F68A85D79EA7} = {C8442933-C5DB-43E5-9E81-7BDD4DA858E7}
		{8BF264B0-FE9F-48C1-97F3-8F5810D504E3} = {533613FB-8C85-45F1-8CB4-A81D40152DB4}
		{2386285F-4744-4176-82BD-11E49C8F74D7} = {533613FB-8C85-45F1-8CB4-A81D40152DB4}
		{B04BEF90-D5BD-4944-9C70-F8D6B94E733E} = {8BF264B0-FE9F-48C1-97F3-8F5810D504E3}
		{91457274-D840-48CB-A2B8-B8771D15F9F8} = {2386285F-4744-4176-82BD-11E49C8F74D7}
		{BD299A14-DF51-42E7-8E6D-9E52345C0096} = {2386285F-4744-4176-82BD-11E49C8F74D7}
		{F213A62F-4593-4214-80E9-D088174F43A3} = {2386285F-4744-4176-82BD-11E49C8F74D7}
		{E65109A9-B5E9-4342-B044-21CD47627DB4} = {2386285F-4744-4176-82BD-11E49C8F74D7}
		{44ED67A7-C7AC-477D-9BA0-AA1477938E5B} = {3B0829AB-1101-4E0E-BBD9-D9F573EF9C85}
		{5FD2C496-20CE-4D20-BB65-204F05937F32} = {44ED67A7-C7AC-477D-9BA0-AA1477938E5B}
		{99169AF4-AFD4-465B-A574-02C2F6F55F0C} = {44ED67A7-C7AC-477D-9BA0-AA1477938E5B}
		{1D303083-30DC-419C-A370-EEEC22A0E724} = {44ED67A7-C7AC-477D-9BA0-AA1477938E5B}
		{2DDC7A46-1910-4616-B9C8-F7C0FF275288} = {91457274-D840-48CB-A2B8-B8771D15F9F8}
		{43582D47-95D9-4A0F-A741-7E6548756E93} = {BD299A14-DF51-42E7-8E6D-9E52345C0096}
		{BC3F9329-DD59-4EF8-B310-B079FCB8C735} = {F213A62F-4593-4214-80E9-D088174F43A3}
		{13077ED2-A3FF-4B96-972E-670E11B413BC} = {E65109A9-B5E9-4342-B044-21CD47627DB4}
		{D26A771B-283B-497E-94AB-3D409E1A61FE} = {99169AF4-AFD4-465B-A574-02C2F6F55F0C}
		{F10F4AB1-B111-4848-AC95-736F6C72DFD8} = {5FD2C496-20CE-4D20-BB65-204F05937F32}
		{2FE69FBA-0ECC-469F-BBD7-3B19F414C48B} = {1D303083-30DC-419C-A370-EEEC22A0E724}
	EndGlobalSection
	GlobalSection(ExtensibilityGlobals) = postSolution
		SolutionGuid = {58349E73-936B-47E7-9B4E-77D66495ED1A}
	EndGlobalSection
EndGlobal
